
Microsoft Visual Studio Solution File, Format Version 12.00
# Visual Studio Version 16
VisualStudioVersion = 16.0.31410.357
MinimumVisualStudioVersion = 10.0.40219.1
Project("{9A19103F-16F7-4668-BE54-9A1E7A4F7556}") = "Async.Tasks", "Async.Task\Async.Tasks.csproj", "{DF4AC7F7-204E-43CA-8406-C1012AB263E3}"
EndProject
Project("{9A19103F-16F7-4668-BE54-9A1E7A4F7556}") = "Answers", "Answers\Answers.csproj", "{E500B763-31A6-4186-9C65-232F4EA30D39}"
EndProject
Project("{9A19103F-16F7-4668-BE54-9A1E7A4F7556}") = "Async.Paralel", "Async.Paralel\Async.Paralel.csproj", "{EFE8D8E8-449F-441C-82C9-BA796109D102}"
EndProject
Project("{9A19103F-16F7-4668-BE54-9A1E7A4F7556}") = "Async.Exceptions", "Async.Exceptions\Async.Exceptions.csproj", "{4E552B36-5F07-4432-9C1C-81EA4FA9CC88}"
EndProject
Project("{9A19103F-16F7-4668-BE54-9A1E7A4F7556}") = "Async.Dispacher", "Async.Dispacher\Async.Dispacher.csproj", "{3C28D53A-5575-4EAA-B950-CCA79ED123EA}"
EndProject
Project("{9A19103F-16F7-4668-BE54-9A1E7A4F7556}") = "Async.Await", "Async.Await\Async.Await.csproj", "{6A412F7E-6155-4C4B-B73A-F29BA2CC7BF8}"
EndProject
Project("{9A19103F-16F7-4668-BE54-9A1E7A4F7556}") = "Async.Awatable", "Async.Awatable\Async.Awatable.csproj", "{810509A8-3DF5-4AA6-BE38-F4EF2F09AEF3}"
EndProject
Project("{9A19103F-16F7-4668-BE54-9A1E7A4F7556}") = "Aync.ValueTask", "Aync.ValueTask\Aync.ValueTask.csproj", "{E99C0BD9-B231-4ED2-8F8D-C14AC723FC12}"
EndProject
Project("{9A19103F-16F7-4668-BE54-9A1E7A4F7556}") = "Async.Callback", "Async.Callback\Async.Callback.csproj", "{0B30135F-B83D-498A-9AD4-BF018ED43BCD}"
EndProject
Project("{9A19103F-16F7-4668-BE54-9A1E7A4F7556}") = "Async.APM", "Async.APM\Async.APM.csproj", "{6662BBDB-EC28-4AAD-902F-107A3C4FF2CC}"
EndProject
Project("{FAE04EC0-301F-11D3-BF4B-00C04F79EFBC}") = "Decepcion", "Decepcion\Decepcion.csproj", "{032960CE-B25B-4A23-B55E-084446FBDEEB}"
EndProject
Project("{FAE04EC0-301F-11D3-BF4B-00C04F79EFBC}") = "Async.AwaitableExceptions", "Async.AwaitableExceptions\Async.AwaitableExceptions.csproj", "{E5C6C30C-39D4-45B3-9DD9-EEAF657214BE}"
EndProject
Global
	GlobalSection(SolutionConfigurationPlatforms) = preSolution
		Debug|Any CPU = Debug|Any CPU
		Release|Any CPU = Release|Any CPU
	EndGlobalSection
	GlobalSection(ProjectConfigurationPlatforms) = postSolution
		{DF4AC7F7-204E-43CA-8406-C1012AB263E3}.Debug|Any CPU.ActiveCfg = Debug|Any CPU
		{DF4AC7F7-204E-43CA-8406-C1012AB263E3}.Debug|Any CPU.Build.0 = Debug|Any CPU
		{DF4AC7F7-204E-43CA-8406-C1012AB263E3}.Release|Any CPU.ActiveCfg = Release|Any CPU
		{DF4AC7F7-204E-43CA-8406-C1012AB263E3}.Release|Any CPU.Build.0 = Release|Any CPU
		{E500B763-31A6-4186-9C65-232F4EA30D39}.Debug|Any CPU.ActiveCfg = Debug|Any CPU
		{E500B763-31A6-4186-9C65-232F4EA30D39}.Debug|Any CPU.Build.0 = Debug|Any CPU
		{E500B763-31A6-4186-9C65-232F4EA30D39}.Release|Any CPU.ActiveCfg = Release|Any CPU
		{E500B763-31A6-4186-9C65-232F4EA30D39}.Release|Any CPU.Build.0 = Release|Any CPU
		{EFE8D8E8-449F-441C-82C9-BA796109D102}.Debug|Any CPU.ActiveCfg = Debug|Any CPU
		{EFE8D8E8-449F-441C-82C9-BA796109D102}.Debug|Any CPU.Build.0 = Debug|Any CPU
		{EFE8D8E8-449F-441C-82C9-BA796109D102}.Release|Any CPU.ActiveCfg = Release|Any CPU
		{EFE8D8E8-449F-441C-82C9-BA796109D102}.Release|Any CPU.Build.0 = Release|Any CPU
		{4E552B36-5F07-4432-9C1C-81EA4FA9CC88}.Debug|Any CPU.ActiveCfg = Debug|Any CPU
		{4E552B36-5F07-4432-9C1C-81EA4FA9CC88}.Debug|Any CPU.Build.0 = Debug|Any CPU
		{4E552B36-5F07-4432-9C1C-81EA4FA9CC88}.Release|Any CPU.ActiveCfg = Release|Any CPU
		{4E552B36-5F07-4432-9C1C-81EA4FA9CC88}.Release|Any CPU.Build.0 = Release|Any CPU
		{3C28D53A-5575-4EAA-B950-CCA79ED123EA}.Debug|Any CPU.ActiveCfg = Debug|Any CPU
		{3C28D53A-5575-4EAA-B950-CCA79ED123EA}.Debug|Any CPU.Build.0 = Debug|Any CPU
		{3C28D53A-5575-4EAA-B950-CCA79ED123EA}.Release|Any CPU.ActiveCfg = Release|Any CPU
		{3C28D53A-5575-4EAA-B950-CCA79ED123EA}.Release|Any CPU.Build.0 = Release|Any CPU
		{6A412F7E-6155-4C4B-B73A-F29BA2CC7BF8}.Debug|Any CPU.ActiveCfg = Debug|Any CPU
		{6A412F7E-6155-4C4B-B73A-F29BA2CC7BF8}.Debug|Any CPU.Build.0 = Debug|Any CPU
		{6A412F7E-6155-4C4B-B73A-F29BA2CC7BF8}.Release|Any CPU.ActiveCfg = Release|Any CPU
		{6A412F7E-6155-4C4B-B73A-F29BA2CC7BF8}.Release|Any CPU.Build.0 = Release|Any CPU
		{810509A8-3DF5-4AA6-BE38-F4EF2F09AEF3}.Debug|Any CPU.ActiveCfg = Debug|Any CPU
		{810509A8-3DF5-4AA6-BE38-F4EF2F09AEF3}.Debug|Any CPU.Build.0 = Debug|Any CPU
		{810509A8-3DF5-4AA6-BE38-F4EF2F09AEF3}.Release|Any CPU.ActiveCfg = Release|Any CPU
		{810509A8-3DF5-4AA6-BE38-F4EF2F09AEF3}.Release|Any CPU.Build.0 = Release|Any CPU
		{E99C0BD9-B231-4ED2-8F8D-C14AC723FC12}.Debug|Any CPU.ActiveCfg = Debug|Any CPU
		{E99C0BD9-B231-4ED2-8F8D-C14AC723FC12}.Debug|Any CPU.Build.0 = Debug|Any CPU
		{E99C0BD9-B231-4ED2-8F8D-C14AC723FC12}.Release|Any CPU.ActiveCfg = Release|Any CPU
		{E99C0BD9-B231-4ED2-8F8D-C14AC723FC12}.Release|Any CPU.Build.0 = Release|Any CPU
		{0B30135F-B83D-498A-9AD4-BF018ED43BCD}.Debug|Any CPU.ActiveCfg = Debug|Any CPU
		{0B30135F-B83D-498A-9AD4-BF018ED43BCD}.Debug|Any CPU.Build.0 = Debug|Any CPU
		{0B30135F-B83D-498A-9AD4-BF018ED43BCD}.Release|Any CPU.ActiveCfg = Release|Any CPU
		{0B30135F-B83D-498A-9AD4-BF018ED43BCD}.Release|Any CPU.Build.0 = Release|Any CPU
		{6662BBDB-EC28-4AAD-902F-107A3C4FF2CC}.Debug|Any CPU.ActiveCfg = Debug|Any CPU
		{6662BBDB-EC28-4AAD-902F-107A3C4FF2CC}.Debug|Any CPU.Build.0 = Debug|Any CPU
		{6662BBDB-EC28-4AAD-902F-107A3C4FF2CC}.Release|Any CPU.ActiveCfg = Release|Any CPU
		{6662BBDB-EC28-4AAD-902F-107A3C4FF2CC}.Release|Any CPU.Build.0 = Release|Any CPU
		{032960CE-B25B-4A23-B55E-084446FBDEEB}.Debug|Any CPU.ActiveCfg = Debug|Any CPU
		{032960CE-B25B-4A23-B55E-084446FBDEEB}.Debug|Any CPU.Build.0 = Debug|Any CPU
		{032960CE-B25B-4A23-B55E-084446FBDEEB}.Release|Any CPU.ActiveCfg = Release|Any CPU
		{032960CE-B25B-4A23-B55E-084446FBDEEB}.Release|Any CPU.Build.0 = Release|Any CPU
		{E5C6C30C-39D4-45B3-9DD9-EEAF657214BE}.Debug|Any CPU.ActiveCfg = Debug|Any CPU
		{E5C6C30C-39D4-45B3-9DD9-EEAF657214BE}.Debug|Any CPU.Build.0 = Debug|Any CPU
		{E5C6C30C-39D4-45B3-9DD9-EEAF657214BE}.Release|Any CPU.ActiveCfg = Release|Any CPU
		{E5C6C30C-39D4-45B3-9DD9-EEAF657214BE}.Release|Any CPU.Build.0 = Release|Any CPU
	EndGlobalSection
	GlobalSection(SolutionProperties) = preSolution
		HideSolutionNode = FALSE
	EndGlobalSection
	GlobalSection(ExtensibilityGlobals) = postSolution
		SolutionGuid = {95F8C459-F0C8-4241-856F-B096D2B5317B}
	EndGlobalSection
EndGlobal
