
Microsoft Visual Studio Solution File, Format Version 12.00
# Visual Studio Version 16
VisualStudioVersion = 16.0.31410.357
MinimumVisualStudioVersion = 10.0.40219.1
Project("{9A19103F-16F7-4668-BE54-9A1E7A4F7556}") = "Async.Tasks", "Async.Task\Async.Tasks.csproj", "{DF4AC7F7-204E-43CA-8406-C1012AB263E3}"
EndProject
Project("{9A19103F-16F7-4668-BE54-9A1E7A4F7556}") = "Answers", "Answers\Answers.csproj", "{E500B763-31A6-4186-9C65-232F4EA30D39}"
EndProject
Project("{9A19103F-16F7-4668-BE54-9A1E7A4F7556}") = "Async.Paralel", "Async.Paralel\Async.Paralel.csproj", "{EFE8D8E8-449F-441C-82C9-BA796109D102}"
EndProject
Project("{9A19103F-16F7-4668-BE54-9A1E7A4F7556}") = "Async.Exceptions", "Async.Exceptions\Async.Exceptions.csproj", "{4E552B36-5F07-4432-9C1C-81EA4FA9CC88}"
EndProject
Project("{9A19103F-16F7-4668-BE54-9A1E7A4F7556}") = "Async.Dispacher", "Async.Dispacher\Async.Dispacher.csproj", "{3C28D53A-5575-4EAA-B950-CCA79ED123EA}"
EndProject
Project("{9A19103F-16F7-4668-BE54-9A1E7A4F7556}") = "Async.Await", "Async.Await\Async.Await.csproj", "{6A412F7E-6155-4C4B-B73A-F29BA2CC7BF8}"
EndProject
Project("{9A19103F-16F7-4668-BE54-9A1E7A4F7556}") = "Async.Awatable", "Async.Awatable\Async.Awatable.csproj", "{810509A8-3DF5-4AA6-BE38-F4EF2F09AEF3}"
EndProject
Project("{9A19103F-16F7-4668-BE54-9A1E7A4F7556}") = "Aync.ValueTask", "Aync.ValueTask\Aync.ValueTask.csproj", "{E99C0BD9-B231-4ED2-8F8D-C14AC723FC12}"
EndProject
Project("{9A19103F-16F7-4668-BE54-9A1E7A4F7556}") = "Async.Callback", "Async.Callback\Async.Callback.csproj", "{0B30135F-B83D-498A-9AD4-BF018ED43BCD}"
EndProject
Project("{9A19103F-16F7-4668-BE54-9A1E7A4F7556}") = "Async.APM", "Async.APM\Async.APM.csproj", "{6662BBDB-EC28-4AAD-902F-107A3C4FF2CC}"
EndProject
Project("{9A19103F-16F7-4668-BE54-9A1E7A4F7556}") = "Decepcion", "Decepcion\Decepcion.csproj", "{032960CE-B25B-4A23-B55E-084446FBDEEB}"
EndProject
Project("{9A19103F-16F7-4668-BE54-9A1E7A4F7556}") = "Async.AwaitableExceptions", "Async.AwaitableExceptions\Async.AwaitableExceptions.csproj", "{E5C6C30C-39D4-45B3-9DD9-EEAF657214BE}"
EndProject
Project("{9A19103F-16F7-4668-BE54-9A1E7A4F7556}") = "Async.Multihilo.Lock", "Async.Multihilo.Lock\Async.Multihilo.Lock.csproj", "{1A8F46D6-5FE1-426B-9943-03DBCCD6CB7B}"
EndProject
Project("{9A19103F-16F7-4668-BE54-9A1E7A4F7556}") = "Async.Primitives.ManualResetEventSlimDemo", "Async.Primitives.ManualAsync\Async.Primitives.ManualResetEventSlimDemo.csproj", "{67688B46-1649-4753-8E69-B8EDB7CDEEF4}"
EndProject
Project("{9A19103F-16F7-4668-BE54-9A1E7A4F7556}") = "Async.Primitives.SemaphoreSlimDemo", "Async.Primitives.SemaphoreSlimDemo\Async.Primitives.SemaphoreSlimDemo.csproj", "{282205A8-6C40-4D92-A816-A31E88EBCDEE}"
EndProject
Project("{FAE04EC0-301F-11D3-BF4B-00C04F79EFBC}") = "Async.Primitives.CountdownEventDemo", "Async.Primitives.CountdownEventDemo\Async.Primitives.CountdownEventDemo.csproj", "{687B791C-FD5E-4883-AAD3-59BB73069F60}"
EndProject
Project("{FAE04EC0-301F-11D3-BF4B-00C04F79EFBC}") = "Async.Primitives.ReadWriteLockSlinDemo", "Async.Primitives.ReadWriteLockSlinDemo\Async.Primitives.ReadWriteLockSlinDemo.csproj", "{B8945759-C51F-4687-8357-C1612585DD7A}"
EndProject
Project("{FAE04EC0-301F-11D3-BF4B-00C04F79EFBC}") = "Async.Primitives.BarrierDemo", "Async.Primitives.Barrier\Async.Primitives.BarrierDemo.csproj", "{C4DCE313-36B2-4588-8836-BE04A454C01F}"
EndProject
Project("{FAE04EC0-301F-11D3-BF4B-00C04F79EFBC}") = "Async.Primitives.MutexDemo", "Async.Primitives.Mutex\Async.Primitives.MutexDemo.csproj", "{DF030729-822A-431B-9AFB-D500A1985A8A}"
EndProject
Project("{FAE04EC0-301F-11D3-BF4B-00C04F79EFBC}") = "DemoCollections", "DemoCollections\DemoCollections.csproj", "{3C322EE4-2843-42DC-B10A-5095A0EBBBB1}"
EndProject
Global
	GlobalSection(SolutionConfigurationPlatforms) = preSolution
		Debug|Any CPU = Debug|Any CPU
		Release|Any CPU = Release|Any CPU
	EndGlobalSection
	GlobalSection(ProjectConfigurationPlatforms) = postSolution
		{DF4AC7F7-204E-43CA-8406-C1012AB263E3}.Debug|Any CPU.ActiveCfg = Debug|Any CPU
		{DF4AC7F7-204E-43CA-8406-C1012AB263E3}.Debug|Any CPU.Build.0 = Debug|Any CPU
		{DF4AC7F7-204E-43CA-8406-C1012AB263E3}.Release|Any CPU.ActiveCfg = Release|Any CPU
		{DF4AC7F7-204E-43CA-8406-C1012AB263E3}.Release|Any CPU.Build.0 = Release|Any CPU
		{E500B763-31A6-4186-9C65-232F4EA30D39}.Debug|Any CPU.ActiveCfg = Debug|Any CPU
		{E500B763-31A6-4186-9C65-232F4EA30D39}.Debug|Any CPU.Build.0 = Debug|Any CPU
		{E500B763-31A6-4186-9C65-232F4EA30D39}.Release|Any CPU.ActiveCfg = Release|Any CPU
		{E500B763-31A6-4186-9C65-232F4EA30D39}.Release|Any CPU.Build.0 = Release|Any CPU
		{EFE8D8E8-449F-441C-82C9-BA796109D102}.Debug|Any CPU.ActiveCfg = Debug|Any CPU
		{EFE8D8E8-449F-441C-82C9-BA796109D102}.Debug|Any CPU.Build.0 = Debug|Any CPU
		{EFE8D8E8-449F-441C-82C9-BA796109D102}.Release|Any CPU.ActiveCfg = Release|Any CPU
		{EFE8D8E8-449F-441C-82C9-BA796109D102}.Release|Any CPU.Build.0 = Release|Any CPU
		{4E552B36-5F07-4432-9C1C-81EA4FA9CC88}.Debug|Any CPU.ActiveCfg = Debug|Any CPU
		{4E552B36-5F07-4432-9C1C-81EA4FA9CC88}.Debug|Any CPU.Build.0 = Debug|Any CPU
		{4E552B36-5F07-4432-9C1C-81EA4FA9CC88}.Release|Any CPU.ActiveCfg = Release|Any CPU
		{4E552B36-5F07-4432-9C1C-81EA4FA9CC88}.Release|Any CPU.Build.0 = Release|Any CPU
		{3C28D53A-5575-4EAA-B950-CCA79ED123EA}.Debug|Any CPU.ActiveCfg = Debug|Any CPU
		{3C28D53A-5575-4EAA-B950-CCA79ED123EA}.Debug|Any CPU.Build.0 = Debug|Any CPU
		{3C28D53A-5575-4EAA-B950-CCA79ED123EA}.Release|Any CPU.ActiveCfg = Release|Any CPU
		{3C28D53A-5575-4EAA-B950-CCA79ED123EA}.Release|Any CPU.Build.0 = Release|Any CPU
		{6A412F7E-6155-4C4B-B73A-F29BA2CC7BF8}.Debug|Any CPU.ActiveCfg = Debug|Any CPU
		{6A412F7E-6155-4C4B-B73A-F29BA2CC7BF8}.Debug|Any CPU.Build.0 = Debug|Any CPU
		{6A412F7E-6155-4C4B-B73A-F29BA2CC7BF8}.Release|Any CPU.ActiveCfg = Release|Any CPU
		{6A412F7E-6155-4C4B-B73A-F29BA2CC7BF8}.Release|Any CPU.Build.0 = Release|Any CPU
		{810509A8-3DF5-4AA6-BE38-F4EF2F09AEF3}.Debug|Any CPU.ActiveCfg = Debug|Any CPU
		{810509A8-3DF5-4AA6-BE38-F4EF2F09AEF3}.Debug|Any CPU.Build.0 = Debug|Any CPU
		{810509A8-3DF5-4AA6-BE38-F4EF2F09AEF3}.Release|Any CPU.ActiveCfg = Release|Any CPU
		{810509A8-3DF5-4AA6-BE38-F4EF2F09AEF3}.Release|Any CPU.Build.0 = Release|Any CPU
		{E99C0BD9-B231-4ED2-8F8D-C14AC723FC12}.Debug|Any CPU.ActiveCfg = Debug|Any CPU
		{E99C0BD9-B231-4ED2-8F8D-C14AC723FC12}.Debug|Any CPU.Build.0 = Debug|Any CPU
		{E99C0BD9-B231-4ED2-8F8D-C14AC723FC12}.Release|Any CPU.ActiveCfg = Release|Any CPU
		{E99C0BD9-B231-4ED2-8F8D-C14AC723FC12}.Release|Any CPU.Build.0 = Release|Any CPU
		{0B30135F-B83D-498A-9AD4-BF018ED43BCD}.Debug|Any CPU.ActiveCfg = Debug|Any CPU
		{0B30135F-B83D-498A-9AD4-BF018ED43BCD}.Debug|Any CPU.Build.0 = Debug|Any CPU
		{0B30135F-B83D-498A-9AD4-BF018ED43BCD}.Release|Any CPU.ActiveCfg = Release|Any CPU
		{0B30135F-B83D-498A-9AD4-BF018ED43BCD}.Release|Any CPU.Build.0 = Release|Any CPU
		{6662BBDB-EC28-4AAD-902F-107A3C4FF2CC}.Debug|Any CPU.ActiveCfg = Debug|Any CPU
		{6662BBDB-EC28-4AAD-902F-107A3C4FF2CC}.Debug|Any CPU.Build.0 = Debug|Any CPU
		{6662BBDB-EC28-4AAD-902F-107A3C4FF2CC}.Release|Any CPU.ActiveCfg = Release|Any CPU
		{6662BBDB-EC28-4AAD-902F-107A3C4FF2CC}.Release|Any CPU.Build.0 = Release|Any CPU
		{032960CE-B25B-4A23-B55E-084446FBDEEB}.Debug|Any CPU.ActiveCfg = Debug|Any CPU
		{032960CE-B25B-4A23-B55E-084446FBDEEB}.Debug|Any CPU.Build.0 = Debug|Any CPU
		{032960CE-B25B-4A23-B55E-084446FBDEEB}.Release|Any CPU.ActiveCfg = Release|Any CPU
		{032960CE-B25B-4A23-B55E-084446FBDEEB}.Release|Any CPU.Build.0 = Release|Any CPU
		{E5C6C30C-39D4-45B3-9DD9-EEAF657214BE}.Debug|Any CPU.ActiveCfg = Debug|Any CPU
		{E5C6C30C-39D4-45B3-9DD9-EEAF657214BE}.Debug|Any CPU.Build.0 = Debug|Any CPU
		{E5C6C30C-39D4-45B3-9DD9-EEAF657214BE}.Release|Any CPU.ActiveCfg = Release|Any CPU
		{E5C6C30C-39D4-45B3-9DD9-EEAF657214BE}.Release|Any CPU.Build.0 = Release|Any CPU
		{1A8F46D6-5FE1-426B-9943-03DBCCD6CB7B}.Debug|Any CPU.ActiveCfg = Debug|Any CPU
		{1A8F46D6-5FE1-426B-9943-03DBCCD6CB7B}.Debug|Any CPU.Build.0 = Debug|Any CPU
		{1A8F46D6-5FE1-426B-9943-03DBCCD6CB7B}.Release|Any CPU.ActiveCfg = Release|Any CPU
		{1A8F46D6-5FE1-426B-9943-03DBCCD6CB7B}.Release|Any CPU.Build.0 = Release|Any CPU
		{67688B46-1649-4753-8E69-B8EDB7CDEEF4}.Debug|Any CPU.ActiveCfg = Debug|Any CPU
		{67688B46-1649-4753-8E69-B8EDB7CDEEF4}.Debug|Any CPU.Build.0 = Debug|Any CPU
		{67688B46-1649-4753-8E69-B8EDB7CDEEF4}.Release|Any CPU.ActiveCfg = Release|Any CPU
		{67688B46-1649-4753-8E69-B8EDB7CDEEF4}.Release|Any CPU.Build.0 = Release|Any CPU
		{282205A8-6C40-4D92-A816-A31E88EBCDEE}.Debug|Any CPU.ActiveCfg = Debug|Any CPU
		{282205A8-6C40-4D92-A816-A31E88EBCDEE}.Debug|Any CPU.Build.0 = Debug|Any CPU
		{282205A8-6C40-4D92-A816-A31E88EBCDEE}.Release|Any CPU.ActiveCfg = Release|Any CPU
		{282205A8-6C40-4D92-A816-A31E88EBCDEE}.Release|Any CPU.Build.0 = Release|Any CPU
		{687B791C-FD5E-4883-AAD3-59BB73069F60}.Debug|Any CPU.ActiveCfg = Debug|Any CPU
		{687B791C-FD5E-4883-AAD3-59BB73069F60}.Debug|Any CPU.Build.0 = Debug|Any CPU
		{687B791C-FD5E-4883-AAD3-59BB73069F60}.Release|Any CPU.ActiveCfg = Release|Any CPU
		{687B791C-FD5E-4883-AAD3-59BB73069F60}.Release|Any CPU.Build.0 = Release|Any CPU
		{B8945759-C51F-4687-8357-C1612585DD7A}.Debug|Any CPU.ActiveCfg = Debug|Any CPU
		{B8945759-C51F-4687-8357-C1612585DD7A}.Debug|Any CPU.Build.0 = Debug|Any CPU
		{B8945759-C51F-4687-8357-C1612585DD7A}.Release|Any CPU.ActiveCfg = Release|Any CPU
		{B8945759-C51F-4687-8357-C1612585DD7A}.Release|Any CPU.Build.0 = Release|Any CPU
		{C4DCE313-36B2-4588-8836-BE04A454C01F}.Debug|Any CPU.ActiveCfg = Debug|Any CPU
		{C4DCE313-36B2-4588-8836-BE04A454C01F}.Debug|Any CPU.Build.0 = Debug|Any CPU
		{C4DCE313-36B2-4588-8836-BE04A454C01F}.Release|Any CPU.ActiveCfg = Release|Any CPU
		{C4DCE313-36B2-4588-8836-BE04A454C01F}.Release|Any CPU.Build.0 = Release|Any CPU
		{DF030729-822A-431B-9AFB-D500A1985A8A}.Debug|Any CPU.ActiveCfg = Debug|Any CPU
		{DF030729-822A-431B-9AFB-D500A1985A8A}.Debug|Any CPU.Build.0 = Debug|Any CPU
		{DF030729-822A-431B-9AFB-D500A1985A8A}.Release|Any CPU.ActiveCfg = Release|Any CPU
		{DF030729-822A-431B-9AFB-D500A1985A8A}.Release|Any CPU.Build.0 = Release|Any CPU
		{3C322EE4-2843-42DC-B10A-5095A0EBBBB1}.Debug|Any CPU.ActiveCfg = Debug|Any CPU
		{3C322EE4-2843-42DC-B10A-5095A0EBBBB1}.Debug|Any CPU.Build.0 = Debug|Any CPU
		{3C322EE4-2843-42DC-B10A-5095A0EBBBB1}.Release|Any CPU.ActiveCfg = Release|Any CPU
		{3C322EE4-2843-42DC-B10A-5095A0EBBBB1}.Release|Any CPU.Build.0 = Release|Any CPU
	EndGlobalSection
	GlobalSection(SolutionProperties) = preSolution
		HideSolutionNode = FALSE
	EndGlobalSection
	GlobalSection(ExtensibilityGlobals) = postSolution
		SolutionGuid = {95F8C459-F0C8-4241-856F-B096D2B5317B}
	EndGlobalSection
EndGlobal
